
Microsoft Visual Studio Solution File, Format Version 12.00
# Visual Studio Version 17
VisualStudioVersion = 17.0.32014.148
MinimumVisualStudioVersion = 10.0.40219.1
Project("{9A19103F-16F7-4668-BE54-9A1E7A4F7556}") = "URLValidator", "URLValidator.csproj", "{DCC4BDB5-5CD1-4B3A-A107-7C84174965C5}"
EndProject
Project("{FAE04EC0-301F-11D3-BF4B-00C04F79EFBC}") = "URLValidatorUI", "URLValidatorUI\URLValidatorUI.csproj", "{4E762407-A5B2-414B-86DF-8DB5D7CBA2B7}"
EndProject
Global
	GlobalSection(SolutionConfigurationPlatforms) = preSolution
		Debug|Any CPU = Debug|Any CPU
		Release|Any CPU = Release|Any CPU
	EndGlobalSection
	GlobalSection(ProjectConfigurationPlatforms) = postSolution
		{DCC4BDB5-5CD1-4B3A-A107-7C84174965C5}.Debug|Any CPU.ActiveCfg = Debug|Any CPU
		{DCC4BDB5-5CD1-4B3A-A107-7C84174965C5}.Debug|Any CPU.Build.0 = Debug|Any CPU
		{DCC4BDB5-5CD1-4B3A-A107-7C84174965C5}.Release|Any CPU.ActiveCfg = Release|Any CPU
		{DCC4BDB5-5CD1-4B3A-A107-7C84174965C5}.Release|Any CPU.Build.0 = Release|Any CPU
		{4E762407-A5B2-414B-86DF-8DB5D7CBA2B7}.Debug|Any CPU.ActiveCfg = Debug|Any CPU
		{4E762407-A5B2-414B-86DF-8DB5D7CBA2B7}.Debug|Any CPU.Build.0 = Debug|Any CPU
		{4E762407-A5B2-414B-86DF-8DB5D7CBA2B7}.Release|Any CPU.ActiveCfg = Release|Any CPU
		{4E762407-A5B2-414B-86DF-8DB5D7CBA2B7}.Release|Any CPU.Build.0 = Release|Any CPU
	EndGlobalSection
	GlobalSection(SolutionProperties) = preSolution
		HideSolutionNode = FALSE
	EndGlobalSection
	GlobalSection(ExtensibilityGlobals) = postSolution
		SolutionGuid = {F414072D-5ACD-45FC-9FC7-F1D38C4D3809}
	EndGlobalSection
EndGlobal
